<?xml version="1.0" encoding="utf-8"?>
<Project ToolsVersion="4.0" xmlns="http://schemas.microsoft.com/developer/msbuild/2003">
  <ItemGroup>
    <Object Include="Irvine64.obj" />
  </ItemGroup>
  <ItemGroup>
    <MASM Include="Main.asm" />
    <MASM Include="FunctionProtos.asm" />
    <MASM Include="VariableDefinitions.asm" />
    <MASM Include="CFile.asm" />
    <MASM Include="CSplashScreen.asm" />
  </ItemGroup>
</Project>