
Microsoft Visual Studio Solution File, Format Version 12.00
# Visual Studio 2012
Project("{8BC9CEB8-8B4A-11D0-8D11-00A0C91BC942}") = "ASMx64", "Project64.vcxproj", "{08470669-26BF-400B-B1CF-50B7DFAC5697}"
EndProject
Global
	GlobalSection(SolutionConfigurationPlatforms) = preSolution
		Debug|Win32 = Debug|Win32
		Debug|x64 = Debug|x64
		Release|Win32 = Release|Win32
		Release|x64 = Release|x64
		x64|Win32 = x64|Win32
		x64|x64 = x64|x64
	EndGlobalSection
	GlobalSection(ProjectConfigurationPlatforms) = postSolution
		{08470669-26BF-400B-B1CF-50B7DFAC5697}.Debug|Win32.ActiveCfg = Debug|Win32
		{08470669-26BF-400B-B1CF-50B7DFAC5697}.Debug|Win32.Build.0 = Debug|Win32
		{08470669-26BF-400B-B1CF-50B7DFAC5697}.Debug|x64.ActiveCfg = Debug|x64
		{08470669-26BF-400B-B1CF-50B7DFAC5697}.Debug|x64.Build.0 = Debug|x64
		{08470669-26BF-400B-B1CF-50B7DFAC5697}.Release|Win32.ActiveCfg = Release|Win32
		{08470669-26BF-400B-B1CF-50B7DFAC5697}.Release|Win32.Build.0 = Release|Win32
		{08470669-26BF-400B-B1CF-50B7DFAC5697}.Release|x64.ActiveCfg = Release|x64
		{08470669-26BF-400B-B1CF-50B7DFAC5697}.Release|x64.Build.0 = Release|x64
		{08470669-26BF-400B-B1CF-50B7DFAC5697}.x64|Win32.ActiveCfg = x64|Win32
		{08470669-26BF-400B-B1CF-50B7DFAC5697}.x64|Win32.Build.0 = x64|Win32
		{08470669-26BF-400B-B1CF-50B7DFAC5697}.x64|x64.ActiveCfg = x64|x64
		{08470669-26BF-400B-B1CF-50B7DFAC5697}.x64|x64.Build.0 = x64|x64
	EndGlobalSection
	GlobalSection(SolutionProperties) = preSolution
		HideSolutionNode = FALSE
	EndGlobalSection
EndGlobal
